
Microsoft Visual Studio Solution File, Format Version 12.00
Project("{FAE04EC0-301F-11D3-BF4B-00C04F79EFBC}") = "ComplimentMemeTelegramBot", "ComplimentMemeTelegramBot\ComplimentMemeTelegramBot.csproj", "{3892AB22-C305-4001-874B-8FB71B263D46}"
EndProject
Global
	GlobalSection(SolutionConfigurationPlatforms) = preSolution
		Debug|Any CPU = Debug|Any CPU
		Release|Any CPU = Release|Any CPU
	EndGlobalSection
	GlobalSection(ProjectConfigurationPlatforms) = postSolution
		{3892AB22-C305-4001-874B-8FB71B263D46}.Debug|Any CPU.ActiveCfg = Debug|Any CPU
		{3892AB22-C305-4001-874B-8FB71B263D46}.Debug|Any CPU.Build.0 = Debug|Any CPU
		{3892AB22-C305-4001-874B-8FB71B263D46}.Release|Any CPU.ActiveCfg = Release|Any CPU
		{3892AB22-C305-4001-874B-8FB71B263D46}.Release|Any CPU.Build.0 = Release|Any CPU
		{5FE6F5E3-4FA2-432C-AC89-DCE4BF1D46D2}.Debug|Any CPU.ActiveCfg = Debug|Any CPU
		{5FE6F5E3-4FA2-432C-AC89-DCE4BF1D46D2}.Debug|Any CPU.Build.0 = Debug|Any CPU
		{5FE6F5E3-4FA2-432C-AC89-DCE4BF1D46D2}.Release|Any CPU.ActiveCfg = Release|Any CPU
		{5FE6F5E3-4FA2-432C-AC89-DCE4BF1D46D2}.Release|Any CPU.Build.0 = Release|Any CPU
	EndGlobalSection
EndGlobal
